
Microsoft Visual Studio Solution File, Format Version 12.00
# Visual Studio Version 17
VisualStudioVersion = 17.9.34902.65
MinimumVisualStudioVersion = 10.0.40219.1
Project("{9A19103F-16F7-4668-BE54-9A1E7A4F7556}") = "quotes_project", "quotes_project.csproj", "{166D68AB-7EDF-4832-9B74-5DAE9C16BB1B}"
EndProject
Global
	GlobalSection(SolutionConfigurationPlatforms) = preSolution
		Debug|Any CPU = Debug|Any CPU
		Release|Any CPU = Release|Any CPU
	EndGlobalSection
	GlobalSection(ProjectConfigurationPlatforms) = postSolution
		{166D68AB-7EDF-4832-9B74-5DAE9C16BB1B}.Debug|Any CPU.ActiveCfg = Debug|Any CPU
		{166D68AB-7EDF-4832-9B74-5DAE9C16BB1B}.Debug|Any CPU.Build.0 = Debug|Any CPU
		{166D68AB-7EDF-4832-9B74-5DAE9C16BB1B}.Release|Any CPU.ActiveCfg = Release|Any CPU
		{166D68AB-7EDF-4832-9B74-5DAE9C16BB1B}.Release|Any CPU.Build.0 = Release|Any CPU
	EndGlobalSection
	GlobalSection(SolutionProperties) = preSolution
		HideSolutionNode = FALSE
	EndGlobalSection
	GlobalSection(ExtensibilityGlobals) = postSolution
		SolutionGuid = {AB8DB3FF-F2F8-42CF-AEDB-C1B5028BDE0A}
	EndGlobalSection
EndGlobal
